
Microsoft Visual Studio Solution File, Format Version 12.00
# Visual Studio Version 16
VisualStudioVersion = 16.0.30804.86
MinimumVisualStudioVersion = 10.0.40219.1
Project("{FAE04EC0-301F-11D3-BF4B-00C04F79EFBC}") = "FreeHCWebsite", "FreeHCWebsite\FreeHCWebsite.csproj", "{DF845F5A-422C-4EC1-B75B-2D2E1F1AB420}"
EndProject
Global
	GlobalSection(SolutionConfigurationPlatforms) = preSolution
		Debug|Any CPU = Debug|Any CPU
		Release|Any CPU = Release|Any CPU
	EndGlobalSection
	GlobalSection(ProjectConfigurationPlatforms) = postSolution
		{DF845F5A-422C-4EC1-B75B-2D2E1F1AB420}.Debug|Any CPU.ActiveCfg = Debug|Any CPU
		{DF845F5A-422C-4EC1-B75B-2D2E1F1AB420}.Debug|Any CPU.Build.0 = Debug|Any CPU
		{DF845F5A-422C-4EC1-B75B-2D2E1F1AB420}.Release|Any CPU.ActiveCfg = Release|Any CPU
		{DF845F5A-422C-4EC1-B75B-2D2E1F1AB420}.Release|Any CPU.Build.0 = Release|Any CPU
	EndGlobalSection
	GlobalSection(SolutionProperties) = preSolution
		HideSolutionNode = FALSE
	EndGlobalSection
	GlobalSection(ExtensibilityGlobals) = postSolution
		SolutionGuid = {46ABF694-5C0C-40BC-84E7-15B2AFCD3BE5}
	EndGlobalSection
EndGlobal
